
Microsoft Visual Studio Solution File, Format Version 12.00
# Visual Studio Version 17
VisualStudioVersion = 17.8.34330.188
MinimumVisualStudioVersion = 10.0.40219.1
Project("{FAE04EC0-301F-11D3-BF4B-00C04F79EFBC}") = "ConsoleAWSSecrets", "ConsoleAWSSecrets\ConsoleAWSSecrets.csproj", "{0CB2534A-27B6-42CE-9836-F9EC4BEA3C50}"
EndProject
Global
	GlobalSection(SolutionConfigurationPlatforms) = preSolution
		Debug|Any CPU = Debug|Any CPU
		Release|Any CPU = Release|Any CPU
	EndGlobalSection
	GlobalSection(ProjectConfigurationPlatforms) = postSolution
		{0CB2534A-27B6-42CE-9836-F9EC4BEA3C50}.Debug|Any CPU.ActiveCfg = Debug|Any CPU
		{0CB2534A-27B6-42CE-9836-F9EC4BEA3C50}.Debug|Any CPU.Build.0 = Debug|Any CPU
		{0CB2534A-27B6-42CE-9836-F9EC4BEA3C50}.Release|Any CPU.ActiveCfg = Release|Any CPU
		{0CB2534A-27B6-42CE-9836-F9EC4BEA3C50}.Release|Any CPU.Build.0 = Release|Any CPU
	EndGlobalSection
	GlobalSection(SolutionProperties) = preSolution
		HideSolutionNode = FALSE
	EndGlobalSection
	GlobalSection(ExtensibilityGlobals) = postSolution
		SolutionGuid = {2852BD79-B9CE-4CBF-A0C5-3E3A05D9F50F}
	EndGlobalSection
EndGlobal
